
Microsoft Visual Studio Solution File, Format Version 12.00
# Visual Studio Version 17
VisualStudioVersion = 17.14.36327.8 d17.14
MinimumVisualStudioVersion = 10.0.40219.1
Project("{FAE04EC0-301F-11D3-BF4B-00C04F79EFBC}") = "Q5", "Q5\Q5.csproj", "{97E540ED-AD59-4DE9-B624-232CE6F3BBDC}"
EndProject
Global
	GlobalSection(SolutionConfigurationPlatforms) = preSolution
		Debug|Any CPU = Debug|Any CPU
		Release|Any CPU = Release|Any CPU
	EndGlobalSection
	GlobalSection(ProjectConfigurationPlatforms) = postSolution
		{97E540ED-AD59-4DE9-B624-232CE6F3BBDC}.Debug|Any CPU.ActiveCfg = Debug|Any CPU
		{97E540ED-AD59-4DE9-B624-232CE6F3BBDC}.Debug|Any CPU.Build.0 = Debug|Any CPU
		{97E540ED-AD59-4DE9-B624-232CE6F3BBDC}.Release|Any CPU.ActiveCfg = Release|Any CPU
		{97E540ED-AD59-4DE9-B624-232CE6F3BBDC}.Release|Any CPU.Build.0 = Release|Any CPU
	EndGlobalSection
	GlobalSection(SolutionProperties) = preSolution
		HideSolutionNode = FALSE
	EndGlobalSection
	GlobalSection(ExtensibilityGlobals) = postSolution
		SolutionGuid = {01733022-A787-4250-B157-B313F69BF30E}
	EndGlobalSection
EndGlobal
