
Microsoft Visual Studio Solution File, Format Version 12.00
# Visual Studio Version 17
VisualStudioVersion = 17.14.36327.8 d17.14
MinimumVisualStudioVersion = 10.0.40219.1
Project("{FAE04EC0-301F-11D3-BF4B-00C04F79EFBC}") = "Q7", "Q7\Q7.csproj", "{5AC935EB-7D39-419F-A80E-69BFF52084CC}"
EndProject
Global
	GlobalSection(SolutionConfigurationPlatforms) = preSolution
		Debug|Any CPU = Debug|Any CPU
		Release|Any CPU = Release|Any CPU
	EndGlobalSection
	GlobalSection(ProjectConfigurationPlatforms) = postSolution
		{5AC935EB-7D39-419F-A80E-69BFF52084CC}.Debug|Any CPU.ActiveCfg = Debug|Any CPU
		{5AC935EB-7D39-419F-A80E-69BFF52084CC}.Debug|Any CPU.Build.0 = Debug|Any CPU
		{5AC935EB-7D39-419F-A80E-69BFF52084CC}.Release|Any CPU.ActiveCfg = Release|Any CPU
		{5AC935EB-7D39-419F-A80E-69BFF52084CC}.Release|Any CPU.Build.0 = Release|Any CPU
	EndGlobalSection
	GlobalSection(SolutionProperties) = preSolution
		HideSolutionNode = FALSE
	EndGlobalSection
	GlobalSection(ExtensibilityGlobals) = postSolution
		SolutionGuid = {69F7BED3-A543-4F7D-8B53-9DB3CEF8CB2A}
	EndGlobalSection
EndGlobal
